PODS:
  - DTCoreText (1.6.15):
    - DTFoundation/Core (~> 1.7.5)
    - DTFoundation/DTAnimatedGIF (~> 1.7.5)
    - DTFoundation/DTHTMLParser (~> 1.7.5)
    - DTFoundation/UIKit (~> 1.7.5)
  - DTFoundation/Core (1.7.5)
  - DTFoundation/DTAnimatedGIF (1.7.5)
  - DTFoundation/DTHTMLParser (1.7.5):
    - DTFoundation/Core
  - DTFoundation/UIKit (1.7.5):
    - DTFoundation/Core
  - Pushbots (1.1.0)
  - SDWebImage (3.7.3):
    - SDWebImage/Core (= 3.7.3)
  - SDWebImage/Core (3.7.3)
  - youtube-ios-player-helper (0.1.3)

DEPENDENCIES:
  - DTCoreText
  - Pushbots (~> 1.1.0)
  - SDWebImage (~> 3.7)
  - youtube-ios-player-helper (~> 0.1.3)

SPEC CHECKSUMS:
  DTCoreText: 13ce06e63204a3b47c9db974e3d9be982bb0b1ed
  DTFoundation: 1d28080c20c3da041706545363f8238ab53a6204
  Pushbots: d38822610efd58ff4f3ae694210276a5c6a28b8b
  SDWebImage: 1d2b1a1efda1ade1b00b6f8498865f8ddedc8a84
  youtube-ios-player-helper: fccae0f10449976a025a95328e3c42ab521f93cb

COCOAPODS: 0.38.2
